{
  "originHash" : "e73021cbe1bcf37fa99d31231de3cbd6b3ae4ab78e8b63c0cc9d5b078451a738",
  "pins" : [
    {
      "identity" : "swift-case-paths",
      "kind" : "remoteSourceControl",
      "location" : "https://github.com/pointfreeco/swift-case-paths.git",
      "state" : {
        "revision" : "5da6989aae464f324eef5c5b52bdb7974725ab81",
        "version" : "1.0.0"
      }
    },
    {
      "identity" : "swift-custom-dump",
      "kind" : "remoteSourceControl",
      "location" : "https://github.com/pointfreeco/swift-custom-dump",
      "state" : {
        "revision" : "82645ec760917961cfa08c9c0c7104a57a0fa4b1",
        "version" : "1.3.3"
      }
    },
    {
      "identity" : "swift-navigation",
      "kind" : "remoteSourceControl",
      "location" : "https://github.com/pointfreeco/swift-navigation.git",
      "state" : {
        "revision" : "74adfb8e48724c50d0ac148c658ae5fa7dfd6b6d",
        "version" : "1.0.3"
      }
    },
    {
      "identity" : "xctest-dynamic-overlay",
      "kind" : "remoteSourceControl",
      "location" : "https://github.com/pointfreeco/xctest-dynamic-overlay",
      "state" : {
        "revision" : "770f990d3e4eececb57ac04a6076e22f8c97daeb",
        "version" : "1.4.2"
      }
    }
  ],
  "version" : 3
}
